Microsoft Visual Studio Solution File, Format Version 12.00
# Visual Studio Version 17
VisualStudioVersion = 17.10.34903.570
MinimumVisualStudioVersion = 10.0.40219.1
Project("{FAE04EC0-301F-11D3-BF4B-00C04F79EFBC}") = "LibraryManagementSystem", "LibraryManagementSystem\LibraryManagementSystem.csproj", "{F5D8BC22-85BF-4CC1-92B9-92BAD1EF646E}"
EndProject
Global
	GlobalSection(SolutionConfigurationPlatforms) = preSolution
		Debug|Any CPU = Debug|Any CPU
		Release|Any CPU = Release|Any CPU
	EndGlobalSection
	GlobalSection(ProjectConfigurationPlatforms) = postSolution
		{F5D8BC22-85BF-4CC1-92B9-92BAD1EF646E}.Debug|Any CPU.ActiveCfg = Debug|Any CPU
		{F5D8BC22-85BF-4CC1-92B9-92BAD1EF646E}.Debug|Any CPU.Build.0 = Debug|Any CPU
		{F5D8BC22-85BF-4CC1-92B9-92BAD1EF646E}.Release|Any CPU.ActiveCfg = Release|Any CPU
		{F5D8BC22-85BF-4CC1-92B9-92BAD1EF646E}.Release|Any CPU.Build.0 = Release|Any CPU
	EndGlobalSection
	GlobalSection(SolutionProperties) = preSolution
		HideSolutionNode = FALSE
	EndGlobalSection
	GlobalSection(ExtensibilityGlobals) = postSolution
		SolutionGuid = {F9CF63A1-8DCC-4A78-BB2E-C8F1361B76DC}
	EndGlobalSection
EndGlobal 